
Microsoft Visual Studio Solution File, Format Version 12.00
# Visual Studio Version 17
VisualStudioVersion = 17.14.36518.9
MinimumVisualStudioVersion = 10.0.40219.1
Project("{FAE04EC0-301F-11D3-BF4B-00C04F79EFBC}") = "ShoeStoreWebApp", "ShoeStoreWebApp\ShoeStoreWebApp.csproj", "{957BE2B2-2603-4C4A-9D8B-882829124DC7}"
EndProject
Global
	GlobalSection(SolutionConfigurationPlatforms) = preSolution
		Debug|Any CPU = Debug|Any CPU
		Release|Any CPU = Release|Any CPU
	EndGlobalSection
	GlobalSection(ProjectConfigurationPlatforms) = postSolution
		{957BE2B2-2603-4C4A-9D8B-882829124DC7}.Debug|Any CPU.ActiveCfg = Debug|Any CPU
		{957BE2B2-2603-4C4A-9D8B-882829124DC7}.Debug|Any CPU.Build.0 = Debug|Any CPU
		{957BE2B2-2603-4C4A-9D8B-882829124DC7}.Release|Any CPU.ActiveCfg = Release|Any CPU
		{957BE2B2-2603-4C4A-9D8B-882829124DC7}.Release|Any CPU.Build.0 = Release|Any CPU
	EndGlobalSection
	GlobalSection(SolutionProperties) = preSolution
		HideSolutionNode = FALSE
	EndGlobalSection
	GlobalSection(ExtensibilityGlobals) = postSolution
		SolutionGuid = {432FFD88-A774-421D-AB41-C2B404C88EAC}
	EndGlobalSection
EndGlobal
